
Microsoft Visual Studio Solution File, Format Version 12.00
# Visual Studio Version 17
VisualStudioVersion = 17.3.32825.248
MinimumVisualStudioVersion = 10.0.40219.1
Project("{FAE04EC0-301F-11D3-BF4B-00C04F79EFBC}") = "MovieStore", "MovieStore\MovieStore.csproj", "{DAB1F1B9-520A-4FA2-9F32-A205D3350771}"
EndProject
Global
	GlobalSection(SolutionConfigurationPlatforms) = preSolution
		Debug|Any CPU = Debug|Any CPU
		Release|Any CPU = Release|Any CPU
	EndGlobalSection
	GlobalSection(ProjectConfigurationPlatforms) = postSolution
		{DAB1F1B9-520A-4FA2-9F32-A205D3350771}.Debug|Any CPU.ActiveCfg = Debug|Any CPU
		{DAB1F1B9-520A-4FA2-9F32-A205D3350771}.Debug|Any CPU.Build.0 = Debug|Any CPU
		{DAB1F1B9-520A-4FA2-9F32-A205D3350771}.Release|Any CPU.ActiveCfg = Release|Any CPU
		{DAB1F1B9-520A-4FA2-9F32-A205D3350771}.Release|Any CPU.Build.0 = Release|Any CPU
	EndGlobalSection
	GlobalSection(SolutionProperties) = preSolution
		HideSolutionNode = FALSE
	EndGlobalSection
	GlobalSection(ExtensibilityGlobals) = postSolution
		SolutionGuid = {FF62EDB3-2C1A-41A9-B6FD-2830FD60700D}
	EndGlobalSection
EndGlobal
